
Microsoft Visual Studio Solution File, Format Version 12.00
# Visual Studio Version 17
VisualStudioVersion = 17.9.34701.34
MinimumVisualStudioVersion = 10.0.40219.1
Project("{8BC9CEB8-8B4A-11D0-8D11-00A0C91BC942}") = "E-Ticaret Yönetim Sistemi", "E-Ticaret Yönetim Sistemi\E-Ticaret Yönetim Sistemi.vcxproj", "{EFD0A283-50A2-4A4D-AD65-D5CB8C620B88}"
EndProject
Global
	GlobalSection(SolutionConfigurationPlatforms) = preSolution
		Debug|x64 = Debug|x64
		Debug|x86 = Debug|x86
		Release|x64 = Release|x64
		Release|x86 = Release|x86
	EndGlobalSection
	GlobalSection(ProjectConfigurationPlatforms) = postSolution
		{EFD0A283-50A2-4A4D-AD65-D5CB8C620B88}.Debug|x64.ActiveCfg = Debug|x64
		{EFD0A283-50A2-4A4D-AD65-D5CB8C620B88}.Debug|x64.Build.0 = Debug|x64
		{EFD0A283-50A2-4A4D-AD65-D5CB8C620B88}.Debug|x86.ActiveCfg = Debug|Win32
		{EFD0A283-50A2-4A4D-AD65-D5CB8C620B88}.Debug|x86.Build.0 = Debug|Win32
		{EFD0A283-50A2-4A4D-AD65-D5CB8C620B88}.Release|x64.ActiveCfg = Release|x64
		{EFD0A283-50A2-4A4D-AD65-D5CB8C620B88}.Release|x64.Build.0 = Release|x64
		{EFD0A283-50A2-4A4D-AD65-D5CB8C620B88}.Release|x86.ActiveCfg = Release|Win32
		{EFD0A283-50A2-4A4D-AD65-D5CB8C620B88}.Release|x86.Build.0 = Release|Win32
	EndGlobalSection
	GlobalSection(SolutionProperties) = preSolution
		HideSolutionNode = FALSE
	EndGlobalSection
	GlobalSection(ExtensibilityGlobals) = postSolution
		SolutionGuid = {3E19079E-23D0-4B3F-9967-7624D6616E4E}
	EndGlobalSection
EndGlobal
